
Microsoft Visual Studio Solution File, Format Version 12.00
# Visual Studio Version 17
VisualStudioVersion = 17.12.35527.113
MinimumVisualStudioVersion = 10.0.40219.1
Project("{2150E333-8FDC-42A3-9474-1A3956D46DE8}") = "src", "src", "{90AC4A2F-1D6A-4FE0-B19C-BB285BEECA32}"
EndProject
Project("{2150E333-8FDC-42A3-9474-1A3956D46DE8}") = "Solution Items", "Solution Items", "{82ADA95E-2838-4EF3-87AB-9E412330A45D}"
	ProjectSection(SolutionItems) = preProject
		.editorconfig = .editorconfig
		.gitignore = .gitignore
		LICENSE = LICENSE
		README.md = README.md
	EndProjectSection
EndProject
Project("{FAE04EC0-301F-11D3-BF4B-00C04F79EFBC}") = "PocketCards.Domain", "src\PocketCards.Domain\PocketCards.Domain.csproj", "{58D39B75-8902-4579-932E-158CDADC3B4A}"
EndProject
Project("{FAE04EC0-301F-11D3-BF4B-00C04F79EFBC}") = "PocketCards.Application", "src\PocketCards.Application\PocketCards.Application.csproj", "{8AD796CC-EE61-4AE1-B4B1-FF30D536537D}"
EndProject
Project("{FAE04EC0-301F-11D3-BF4B-00C04F79EFBC}") = "PocketCards.Infrastructure", "src\PocketCards.Infrastructure\PocketCards.Infrastructure.csproj", "{4CF21ECC-0D42-4DA0-AB15-FAB76FE6D29B}"
EndProject
Project("{FAE04EC0-301F-11D3-BF4B-00C04F79EFBC}") = "PocketCards.Api", "src\PocketCards.Api\PocketCards.Api.csproj", "{1914FF16-94E1-4FCF-932C-0025DA6AA380}"
EndProject
Project("{FAE04EC0-301F-11D3-BF4B-00C04F79EFBC}") = "PocketCards.Web", "src\PocketCards.Web\PocketCards.Web.csproj", "{79F28F4D-1116-4746-ACC9-F3701930754B}"
EndProject
Project("{2150E333-8FDC-42A3-9474-1A3956D46DE8}") = "img", "img", "{1865B932-DAD7-4963-9258-6BD90DB13245}"
	ProjectSection(SolutionItems) = preProject
		img\042513122da40bdb24bbb4d9aa94ac8c.png = img\042513122da40bdb24bbb4d9aa94ac8c.png
		img\069a5adf7809808c40f191f981c87e2e.png = img\069a5adf7809808c40f191f981c87e2e.png
		img\06a6057b224d2d3f3a15dbd309fb417f.png = img\06a6057b224d2d3f3a15dbd309fb417f.png
		img\07c7ed7eba5487a38e2c8491fb5a52fc.png = img\07c7ed7eba5487a38e2c8491fb5a52fc.png
		img\083249170af7215407df57bf9840bc3e.png = img\083249170af7215407df57bf9840bc3e.png
		img\09592d9582fbb1e5cd78be13565c2a87.png = img\09592d9582fbb1e5cd78be13565c2a87.png
		img\0a8ddfe9ea24fe467034d436821424b4.png = img\0a8ddfe9ea24fe467034d436821424b4.png
		img\0aa65f7e80849f5ff5075a7b4ceb4bcf.png = img\0aa65f7e80849f5ff5075a7b4ceb4bcf.png
		img\0b4ddf3650dca6877055a40d082d63ef.png = img\0b4ddf3650dca6877055a40d082d63ef.png
		img\0bb8f6247718d51699261c3b317fe1e2.png = img\0bb8f6247718d51699261c3b317fe1e2.png
		img\0c2bbaf7e3e34c46d1593b6780108de9.png = img\0c2bbaf7e3e34c46d1593b6780108de9.png
		img\0e9fc1153da201124cf34cf3b2e19e85.png = img\0e9fc1153da201124cf34cf3b2e19e85.png
		img\0eaf9c41df36639f10e40dc720e33c0a.png = img\0eaf9c41df36639f10e40dc720e33c0a.png
		img\0ee9cea4b4d3ce61396be4dd82cd9421.png = img\0ee9cea4b4d3ce61396be4dd82cd9421.png
		img\0f6b9055a3507b991fde9ad4c3d8b132.png = img\0f6b9055a3507b991fde9ad4c3d8b132.png
		img\0f96bb31bd00fab027737ec950123d97.png = img\0f96bb31bd00fab027737ec950123d97.png
		img\10185c388a698bdcc9e96053a8883105.png = img\10185c388a698bdcc9e96053a8883105.png
		img\109616011b848f2a6858f7f34eafa06a.png = img\109616011b848f2a6858f7f34eafa06a.png
		img\1207d27ea9377b4e478a05fbafe1104b.png = img\1207d27ea9377b4e478a05fbafe1104b.png
		img\129f5a8b18e4c38b62469ed4961570bb.png = img\129f5a8b18e4c38b62469ed4961570bb.png
		img\12c23d6f600b8e3347c0c832d5006f0b.png = img\12c23d6f600b8e3347c0c832d5006f0b.png
		img\134e97a2d6d2c075fa7190920210040d.png = img\134e97a2d6d2c075fa7190920210040d.png
		img\140ea059e27793bccf20b65736701065.png = img\140ea059e27793bccf20b65736701065.png
		img\14c693825b41c11e9a375b8aeae8a3fc.png = img\14c693825b41c11e9a375b8aeae8a3fc.png
		img\14fb34453ef5a5c42d9d1eb6757eefe3.png = img\14fb34453ef5a5c42d9d1eb6757eefe3.png
		img\151d2c9455f83899618147d85881a75e.png = img\151d2c9455f83899618147d85881a75e.png
		img\15228aeea697296839a27955d00f0923.png = img\15228aeea697296839a27955d00f0923.png
		img\163dec7f3e18d728bb575bc6ec8c321f.png = img\163dec7f3e18d728bb575bc6ec8c321f.png
		img\164e655e9ef51c7e87b0088a8e11f76d.png = img\164e655e9ef51c7e87b0088a8e11f76d.png
		img\16f6903244a08ad04f9eeba2ed6b9562.png = img\16f6903244a08ad04f9eeba2ed6b9562.png
		img\181c9ad102c86d25cd7fc4110324e035.png = img\181c9ad102c86d25cd7fc4110324e035.png
		img\18e37c47affcd450ba9c796c8d61df82.png = img\18e37c47affcd450ba9c796c8d61df82.png
		img\1a36293e91b194645e3977ace96e446e.png = img\1a36293e91b194645e3977ace96e446e.png
		img\1a7462d806bf260c2e9d310c79337d86.png = img\1a7462d806bf260c2e9d310c79337d86.png
		img\1bdf9ef3c3b5bf7609cf20f50e19e2d1.png = img\1bdf9ef3c3b5bf7609cf20f50e19e2d1.png
		img\1c1cfc36c52855f8c573771698b8d40e.png = img\1c1cfc36c52855f8c573771698b8d40e.png
		img\1d1ce66d61a50dc2030e96dd152d1f14.png = img\1d1ce66d61a50dc2030e96dd152d1f14.png
		img\1eae014c91288208332f7535d300bab5.png = img\1eae014c91288208332f7535d300bab5.png
		img\1f3fe4a60dda0e76dfebc1e5b4a0988f.png = img\1f3fe4a60dda0e76dfebc1e5b4a0988f.png
		img\201934d9cc6bba93f69c6107bf319376.png = img\201934d9cc6bba93f69c6107bf319376.png
		img\20668efc84e28401fe0525ee3938be74.png = img\20668efc84e28401fe0525ee3938be74.png
		img\21cb0fbf6aa4a791867a2c21ff9add20.png = img\21cb0fbf6aa4a791867a2c21ff9add20.png
		img\23b100d03bec98c9c196c2f1aa8ec53f.png = img\23b100d03bec98c9c196c2f1aa8ec53f.png
		img\23ddf240cf20e7f45d028c39b070072e.png = img\23ddf240cf20e7f45d028c39b070072e.png
		img\24efbd2c57e5649137de00885ac585bd.png = img\24efbd2c57e5649137de00885ac585bd.png
		img\262629502a9a145e53d062c261bdabad.png = img\262629502a9a145e53d062c261bdabad.png
		img\277ad272b4379fa0fb3a423da11b729d.png = img\277ad272b4379fa0fb3a423da11b729d.png
		img\2781900ee1e5f71b5a4a7c3213c915f7.png = img\2781900ee1e5f71b5a4a7c3213c915f7.png
		img\28c1cb93a5337e59f957c8e66d857391.png = img\28c1cb93a5337e59f957c8e66d857391.png
		img\29add5661f1e274510ee800fc43dead8.png = img\29add5661f1e274510ee800fc43dead8.png
		img\29e6dd0a73fe1c5a7e501d6feef5ec2d.png = img\29e6dd0a73fe1c5a7e501d6feef5ec2d.png
		img\2a00fe7be840d52441121ae1072a30e4.png = img\2a00fe7be840d52441121ae1072a30e4.png
		img\2a104f0b39f147c50bca1e3952ce2c58.png = img\2a104f0b39f147c50bca1e3952ce2c58.png
		img\2a1cd3c9b1fdcbb900b0ce2886d1ec43.png = img\2a1cd3c9b1fdcbb900b0ce2886d1ec43.png
		img\2a9dbb46ee7397e46f1822a43cd273f7.png = img\2a9dbb46ee7397e46f1822a43cd273f7.png
		img\2b471b4bb21496fa600bef6fd6e0a004.png = img\2b471b4bb21496fa600bef6fd6e0a004.png
		img\2ca1b85a1456c467fff8cb87311a664f.png = img\2ca1b85a1456c467fff8cb87311a664f.png
		img\2d3114a26ae095fb998e4ebe30a56c2f.png = img\2d3114a26ae095fb998e4ebe30a56c2f.png
		img\2f9c7d5d4ac15b6f3bc1cf7dd3a0573a.png = img\2f9c7d5d4ac15b6f3bc1cf7dd3a0573a.png
		img\2fd8372c6aaa6014a931e7d369a00a71.png = img\2fd8372c6aaa6014a931e7d369a00a71.png
		img\2fda8d32cc0036ee2ac97b392cc37871.png = img\2fda8d32cc0036ee2ac97b392cc37871.png
		img\303598e292a532bcde37ab527a0ac263.png = img\303598e292a532bcde37ab527a0ac263.png
		img\31cffe0b0a2dccac69c03c84adc1003e.png = img\31cffe0b0a2dccac69c03c84adc1003e.png
		img\3244f335addbe0a5d39cb2bf45116de2.png = img\3244f335addbe0a5d39cb2bf45116de2.png
		img\3253d8301d0aa7580b60a42102b04671.png = img\3253d8301d0aa7580b60a42102b04671.png
		img\32d4d0de5496b62ebb673635adb0a6d3.png = img\32d4d0de5496b62ebb673635adb0a6d3.png
		img\33445897d312b1f7e399bcd686aff8d8.png = img\33445897d312b1f7e399bcd686aff8d8.png
		img\34e0ae3e3a08bf4586263f804fd42d06.png = img\34e0ae3e3a08bf4586263f804fd42d06.png
		img\35e5ade3f5571739f7354394e96c997f.png = img\35e5ade3f5571739f7354394e96c997f.png
		img\35f468fe22fdb7583f1fedd87cfba82c.png = img\35f468fe22fdb7583f1fedd87cfba82c.png
		img\360b3b8340f9bb16d72ccfcee2e77d48.png = img\360b3b8340f9bb16d72ccfcee2e77d48.png
		img\36d7faa5f69430099603927d89739743.png = img\36d7faa5f69430099603927d89739743.png
		img\380b6d5a2b0d812eefedb05276069db3.png = img\380b6d5a2b0d812eefedb05276069db3.png
		img\392f079998fdfa85aa1d8aa6993dc77b.png = img\392f079998fdfa85aa1d8aa6993dc77b.png
		img\39571d714f2f68445e9b226a2c5055bf.png = img\39571d714f2f68445e9b226a2c5055bf.png
		img\39df1d269f5fc61d07c7be1cf36edf0c.png = img\39df1d269f5fc61d07c7be1cf36edf0c.png
		img\3a48e38a9b18a8b2cbbe31cf2ab073ce.png = img\3a48e38a9b18a8b2cbbe31cf2ab073ce.png
		img\3a6c16b9882a68e59dcd0f1df302a4f8.png = img\3a6c16b9882a68e59dcd0f1df302a4f8.png
		img\3ae9351100ff3a974da5daddbb884f0e.png = img\3ae9351100ff3a974da5daddbb884f0e.png
		img\3b3faf7b23b84f0d79c922bc9050b94b.png = img\3b3faf7b23b84f0d79c922bc9050b94b.png
		img\3b7eb0ffdb3105eae0662a50b2e33aa2.png = img\3b7eb0ffdb3105eae0662a50b2e33aa2.png
		img\3bd683bcf30fe47bf77ccf0df3b3a26c.png = img\3bd683bcf30fe47bf77ccf0df3b3a26c.png
		img\3be46036163a4e381ae76d28fc5e0d22.png = img\3be46036163a4e381ae76d28fc5e0d22.png
		img\3c00a7468c8a83dbb62d061bc3837e76.png = img\3c00a7468c8a83dbb62d061bc3837e76.png
		img\3c05f23cab5b100c71d9822565f832cd.png = img\3c05f23cab5b100c71d9822565f832cd.png
		img\3d0ed642832267973161fd7fc47b9030.png = img\3d0ed642832267973161fd7fc47b9030.png
		img\3d568ebec7d930e269a876b272a89c3d.png = img\3d568ebec7d930e269a876b272a89c3d.png
		img\3d637c863dc335eb1074e3057f6af701.png = img\3d637c863dc335eb1074e3057f6af701.png
		img\3e370eaf341ab999848cf8897857a14a.png = img\3e370eaf341ab999848cf8897857a14a.png
		img\41624508d971975a45d85a2aacf96ce2.png = img\41624508d971975a45d85a2aacf96ce2.png
		img\428ea8dcd492a0df8d480a41bb5bc4d0.png = img\428ea8dcd492a0df8d480a41bb5bc4d0.png
		img\42cbfcf6fa53511aa6383c0743577107.png = img\42cbfcf6fa53511aa6383c0743577107.png
		img\43149edce21c416e7bfc25466f4a50d8.png = img\43149edce21c416e7bfc25466f4a50d8.png
		img\44a15bfe556073283b8fe8c4cce4e6db.png = img\44a15bfe556073283b8fe8c4cce4e6db.png
		img\45b892bab21569de57759d90f85a6368.png = img\45b892bab21569de57759d90f85a6368.png
		img\46d757ec19e48106d126fb983f6cc3a9.png = img\46d757ec19e48106d126fb983f6cc3a9.png
		img\4ab38f5836757616ce9dfcaa4e737f3d.png = img\4ab38f5836757616ce9dfcaa4e737f3d.png
		img\4b2780b9486d31b4ba3e676f1efdddfc.png = img\4b2780b9486d31b4ba3e676f1efdddfc.png
		img\4c11bbf1d9de86d55e5364cb86886b0d.png = img\4c11bbf1d9de86d55e5364cb86886b0d.png
		img\4c2f076ef192173f119eb22a26b79c2b.png = img\4c2f076ef192173f119eb22a26b79c2b.png
		img\4ce586957c9259bc8efb497a18d39279.png = img\4ce586957c9259bc8efb497a18d39279.png
		img\4d026dbc3730454880ff65ce607f3a11.png = img\4d026dbc3730454880ff65ce607f3a11.png
		img\4e6a5342b585a516bc44f5b09eac3346.png = img\4e6a5342b585a516bc44f5b09eac3346.png
		img\51a7c6f568cf9f76dd82b06bbdb0f225.png = img\51a7c6f568cf9f76dd82b06bbdb0f225.png
		img\51e6ed4a578f4c675ff5a1244baaf3d4.png = img\51e6ed4a578f4c675ff5a1244baaf3d4.png
		img\51ed2e876172360fe15e001de05154d5.png = img\51ed2e876172360fe15e001de05154d5.png
		img\523ab122017000268224172795f85180.png = img\523ab122017000268224172795f85180.png
		img\5355e3320f79bd5ddbac28f0938d55a0.png = img\5355e3320f79bd5ddbac28f0938d55a0.png
		img\5363412994d6d586a28f14002fd2919d.png = img\5363412994d6d586a28f14002fd2919d.png
		img\54446b2a9146a6b8de5e58bebe938486.png = img\54446b2a9146a6b8de5e58bebe938486.png
		img\5565a86b915faf786b67c13bce355030.png = img\5565a86b915faf786b67c13bce355030.png
		img\5626c04911ff7b0a31ca2da102a72b70.png = img\5626c04911ff7b0a31ca2da102a72b70.png
		img\56b520f0a72cb4fc66af441ad836940c.png = img\56b520f0a72cb4fc66af441ad836940c.png
		img\5770fc7a4878760c0d2b322579f5db07.png = img\5770fc7a4878760c0d2b322579f5db07.png
		img\59c64c579bfce1ce1fc2d7c43ea194fa.png = img\59c64c579bfce1ce1fc2d7c43ea194fa.png
		img\5a2cc74f2cffa9d2a797f3f3763ba5e3.png = img\5a2cc74f2cffa9d2a797f3f3763ba5e3.png
		img\5bc1164c2b9a79f4c40f21a8975adbb3.png = img\5bc1164c2b9a79f4c40f21a8975adbb3.png
		img\5d2064be73c52dc19b28b55e63194dfc.png = img\5d2064be73c52dc19b28b55e63194dfc.png
		img\5d4c7ea056aa8522b2da330627267a25.png = img\5d4c7ea056aa8522b2da330627267a25.png
		img\5e326a850486a8ee124abdbc89d4e4b0.png = img\5e326a850486a8ee124abdbc89d4e4b0.png
		img\5e73bc4a027588078823269865149861.png = img\5e73bc4a027588078823269865149861.png
		img\5f81841bf27137231b254d4a5652f07f.png = img\5f81841bf27137231b254d4a5652f07f.png
		img\5f845c24c20efc13a0074e5e71958472.png = img\5f845c24c20efc13a0074e5e71958472.png
		img\5f8c5ff7f95309a33889be335c4a3a5f.png = img\5f8c5ff7f95309a33889be335c4a3a5f.png
		img\622e1c0cca9ffdaa43cdd588b8e18d78.png = img\622e1c0cca9ffdaa43cdd588b8e18d78.png
		img\63b3ad9a73304c7fb7ca479cee7ed4c3.png = img\63b3ad9a73304c7fb7ca479cee7ed4c3.png
		img\6405ea32582539f6e270b2b15529d130.png = img\6405ea32582539f6e270b2b15529d130.png
		img\646690e32240925f624e7381d62f6a6b.png = img\646690e32240925f624e7381d62f6a6b.png
		img\64cd10178f355800afc1b565915ee36c.png = img\64cd10178f355800afc1b565915ee36c.png
		img\652b8c2e0e991bf7686eb8d33e8abfdf.png = img\652b8c2e0e991bf7686eb8d33e8abfdf.png
		img\6580ab259f93a510e399d0cd4c6c82d1.png = img\6580ab259f93a510e399d0cd4c6c82d1.png
		img\658ece44b06ffe49270ed013a4d992f2.png = img\658ece44b06ffe49270ed013a4d992f2.png
		img\65feb355a7e4b4c46edb192ed68fab50.png = img\65feb355a7e4b4c46edb192ed68fab50.png
		img\66b07b414ccc648238bc60ac3d579c6f.png = img\66b07b414ccc648238bc60ac3d579c6f.png
		img\6891fd5c942d46afed777d8dfbc27532.png = img\6891fd5c942d46afed777d8dfbc27532.png
		img\69a05c43883158f9223dcefcbeb836b8.png = img\69a05c43883158f9223dcefcbeb836b8.png
		img\6a1b3b097957a4a0637a1cafcc57c879.png = img\6a1b3b097957a4a0637a1cafcc57c879.png
		img\6b59edde7219d2f34ae09e9b17443a37.png = img\6b59edde7219d2f34ae09e9b17443a37.png
		img\6b5fcd585a8e52a04dff37f54a319674.png = img\6b5fcd585a8e52a04dff37f54a319674.png
		img\6ba461fb08292cbabe715b6ead54dfb9.png = img\6ba461fb08292cbabe715b6ead54dfb9.png
		img\6bf549fc24608f9a0b9ceab9e5a415a0.png = img\6bf549fc24608f9a0b9ceab9e5a415a0.png
		img\6d99f4800a08971b09a53537d16b3a51.png = img\6d99f4800a08971b09a53537d16b3a51.png
		img\6e058f983a528a4780ee49f26650a41c.png = img\6e058f983a528a4780ee49f26650a41c.png
		img\6e5546e2fbbc5a029ac79acf2b2b8042.png = img\6e5546e2fbbc5a029ac79acf2b2b8042.png
		img\6f1a71c0a509b36ccf7dd29bf8bfa967.png = img\6f1a71c0a509b36ccf7dd29bf8bfa967.png
		img\6f1c22b3e7cee7a7b05a18b77aceae26.png = img\6f1c22b3e7cee7a7b05a18b77aceae26.png
		img\6feadf37e41d8f0974ff9041ea4e5612.png = img\6feadf37e41d8f0974ff9041ea4e5612.png
		img\70cb7fd5b2f4157a4b8df0d54d091a07.png = img\70cb7fd5b2f4157a4b8df0d54d091a07.png
		img\7111224e0f37fe89ebb846f71819eede.png = img\7111224e0f37fe89ebb846f71819eede.png
		img\71527afe3e34a581f59655b6a377be1a.png = img\71527afe3e34a581f59655b6a377be1a.png
		img\7172694cc4c05519129ba7d82daed78a.png = img\7172694cc4c05519129ba7d82daed78a.png
		img\7285ece5bb82599b1a1d55caebc554d5.png = img\7285ece5bb82599b1a1d55caebc554d5.png
		img\72931228894858cb2a0f917c118b8b10.png = img\72931228894858cb2a0f917c118b8b10.png
		img\72e8caf9f66e3572d2b55a9f1e057b9c.png = img\72e8caf9f66e3572d2b55a9f1e057b9c.png
		img\740cd3cbff061c16c8e5d8eea939bb59.png = img\740cd3cbff061c16c8e5d8eea939bb59.png
		img\7414dbc982903a3dd6cd529191995b9c.png = img\7414dbc982903a3dd6cd529191995b9c.png
		img\742fb22918369ddb455472957cdf3462.png = img\742fb22918369ddb455472957cdf3462.png
		img\74a6d7a3866978dfd12b6fbbdd3ec049.png = img\74a6d7a3866978dfd12b6fbbdd3ec049.png
		img\74f3705c0d05d68b6eafd78d909d6f7a.png = img\74f3705c0d05d68b6eafd78d909d6f7a.png
		img\756181084ff47181399e8a4f53547840.png = img\756181084ff47181399e8a4f53547840.png
		img\75f81b1837366532a6ce88aa0c01fcb1.png = img\75f81b1837366532a6ce88aa0c01fcb1.png
		img\76266868e10d2922b75a48765dfe62ba.png = img\76266868e10d2922b75a48765dfe62ba.png
		img\76cce8fcd59a1569404181bc2b401de6.png = img\76cce8fcd59a1569404181bc2b401de6.png
		img\76e7e3892ac03f7fed96427ae3471227.png = img\76e7e3892ac03f7fed96427ae3471227.png
		img\78aa9b9f6c3afbfc7f3a364c68ed425f.png = img\78aa9b9f6c3afbfc7f3a364c68ed425f.png
		img\7bf6c55d29bbc68aeebcee10439ac8ff.png = img\7bf6c55d29bbc68aeebcee10439ac8ff.png
		img\7c2541e061600e9c8906866c46e61f6d.png = img\7c2541e061600e9c8906866c46e61f6d.png
		img\7d3d7e80340fe6f678a9fbd34193cae6.png = img\7d3d7e80340fe6f678a9fbd34193cae6.png
		img\7ebb7e264e76b0147c832713a586d0da.png = img\7ebb7e264e76b0147c832713a586d0da.png
		img\7f43ea90627358975107d9a4c8d10f35.png = img\7f43ea90627358975107d9a4c8d10f35.png
		img\7f7c477d6e42fd30ea75f71d6e26d51b.png = img\7f7c477d6e42fd30ea75f71d6e26d51b.png
		img\8036f89ab35034653e65e6eadfb23eab.png = img\8036f89ab35034653e65e6eadfb23eab.png
		img\8168097e123bb4e439ff7e4258a4948d.png = img\8168097e123bb4e439ff7e4258a4948d.png
		img\85193b4d376896a51e19d41f633bbb3c.png = img\85193b4d376896a51e19d41f633bbb3c.png
		img\85716016d8d17502c3856d4d2c2276aa.png = img\85716016d8d17502c3856d4d2c2276aa.png
		img\857dcd5288999d90ec51356bcde97a35.png = img\857dcd5288999d90ec51356bcde97a35.png
		img\85f08a35d3ec58bc3df44f6380963b3b.png = img\85f08a35d3ec58bc3df44f6380963b3b.png
		img\8742024b4fa2f2d51cde1662b0207935.png = img\8742024b4fa2f2d51cde1662b0207935.png
		img\88136e17a38d045c78234c0cca8dfcf7.png = img\88136e17a38d045c78234c0cca8dfcf7.png
		img\883b68da489048a408c4b042d3e9f3a7.png = img\883b68da489048a408c4b042d3e9f3a7.png
		img\89349bf1d4c0e933497b75eded7999bd.png = img\89349bf1d4c0e933497b75eded7999bd.png
		img\893d8772aca3c05fc5f0d5021a795a23.png = img\893d8772aca3c05fc5f0d5021a795a23.png
		img\895579e1516f605b7882b0909f329b7e.png = img\895579e1516f605b7882b0909f329b7e.png
		img\89619844d0b1b7c0c61573adf4fb56c0.png = img\89619844d0b1b7c0c61573adf4fb56c0.png
		img\8a9e7bf254b1025a6138b24db0bf052e.png = img\8a9e7bf254b1025a6138b24db0bf052e.png
		img\8b30a6669f1d16c249143ec1f98b581e.png = img\8b30a6669f1d16c249143ec1f98b581e.png
		img\8d22416e59377d0a7b264435acd74d5c.png = img\8d22416e59377d0a7b264435acd74d5c.png
		img\8e97268b460993362631b70832e21c9d.png = img\8e97268b460993362631b70832e21c9d.png
		img\8f0a707732a41daba04a4b1ffd8d9924.png = img\8f0a707732a41daba04a4b1ffd8d9924.png
		img\8f731654dfe6ac762a19e7c97d160106.png = img\8f731654dfe6ac762a19e7c97d160106.png
		img\8f7c224f4dde3d6d6012b428d57a748c.png = img\8f7c224f4dde3d6d6012b428d57a748c.png
		img\90945e1d343b71b9b81367632fc6419d.png = img\90945e1d343b71b9b81367632fc6419d.png
		img\90ae53c4b2578c10e5fa54fc35d894f7.png = img\90ae53c4b2578c10e5fa54fc35d894f7.png
		img\9195cfe2483b2f1213439fac00fc008c.png = img\9195cfe2483b2f1213439fac00fc008c.png
		img\91aa9c0103b3c854a5889540016b06b4.png = img\91aa9c0103b3c854a5889540016b06b4.png
		img\91c4f79b2b3b4206205bf69db8dd3d1e.png = img\91c4f79b2b3b4206205bf69db8dd3d1e.png
		img\91eec5ba87f6078bd567471730f55656.png = img\91eec5ba87f6078bd567471730f55656.png
		img\923feac2e8d16e4be2fde3ce671afd7c.png = img\923feac2e8d16e4be2fde3ce671afd7c.png
		img\92cb449a39b3f8f10411c3614b0f69e8.png = img\92cb449a39b3f8f10411c3614b0f69e8.png
		img\948ac4c249bf3f8b2d6f7e6958c7a745.png = img\948ac4c249bf3f8b2d6f7e6958c7a745.png
		img\965f0329be2eab24d7476c9f91ddde38.png = img\965f0329be2eab24d7476c9f91ddde38.png
		img\96b7d3754c42fe6602afa381d78d24d3.png = img\96b7d3754c42fe6602afa381d78d24d3.png
		img\9ab8b09b4013f8a5eafb5cd08f8faf11.png = img\9ab8b09b4013f8a5eafb5cd08f8faf11.png
		img\9b610f5a691406f3b3ecc538d82fd59a.png = img\9b610f5a691406f3b3ecc538d82fd59a.png
		img\9c2495056e4d0350365eb0699277958a.png = img\9c2495056e4d0350365eb0699277958a.png
		img\9cd5ea3c6b7bcfbed012db869c788d66.png = img\9cd5ea3c6b7bcfbed012db869c788d66.png
		img\9cf2938800ac5ed17bb4dbefb365461b.png = img\9cf2938800ac5ed17bb4dbefb365461b.png
		img\9dcb35d7fa5082b0b031341014d8d187.png = img\9dcb35d7fa5082b0b031341014d8d187.png
		img\9ee41cdaf51a7e7711e47857024d2f2d.png = img\9ee41cdaf51a7e7711e47857024d2f2d.png
		img\9fa907a861b732c1633f0214bd53f9a8.png = img\9fa907a861b732c1633f0214bd53f9a8.png
		img\a0b9d92ae5fe5492c19eef25f9c16bda.png = img\a0b9d92ae5fe5492c19eef25f9c16bda.png
		img\a0d611ce374e3070c530ee8d3fd81efa.png = img\a0d611ce374e3070c530ee8d3fd81efa.png
		img\a0f26ca95898427319f71be7725fe221.png = img\a0f26ca95898427319f71be7725fe221.png
		img\a1e017b103081f39e8de3fdb8e9f8c69.png = img\a1e017b103081f39e8de3fdb8e9f8c69.png
		img\a2735a2f51c75b7de641e1ffc015093f.png = img\a2735a2f51c75b7de641e1ffc015093f.png
		img\a3bfe78f284f53cd9f7a57c6ad68b1df.png = img\a3bfe78f284f53cd9f7a57c6ad68b1df.png
		img\a3f453ef2786fd0d620f98d4d6b6ba4b.png = img\a3f453ef2786fd0d620f98d4d6b6ba4b.png
		img\a5258bec9738adf95e20c5f2004f3295.png = img\a5258bec9738adf95e20c5f2004f3295.png
		img\a78574d9760d8f46021f9f2044256e41.png = img\a78574d9760d8f46021f9f2044256e41.png
		img\a81d2d3359e2826570e8d56b0bdc1261.png = img\a81d2d3359e2826570e8d56b0bdc1261.png
		img\a882e91232b19cd8d3de86e8f0b08b9d.png = img\a882e91232b19cd8d3de86e8f0b08b9d.png
		img\a888b167bfb0b129f0c62577d74f3830.png = img\a888b167bfb0b129f0c62577d74f3830.png
		img\abacc583cb2b4f639c07d9642045695b.png = img\abacc583cb2b4f639c07d9642045695b.png
		img\abf4e60f00e858bba141b09abad9d098.png = img\abf4e60f00e858bba141b09abad9d098.png
		img\ac3d9d05b0255de5e3e1d2e6f5609407.png = img\ac3d9d05b0255de5e3e1d2e6f5609407.png
		img\ac9d9361799eb484958ffd4873a7c091.png = img\ac9d9361799eb484958ffd4873a7c091.png
		img\ad83ced6f5c6f10d8a78640d1a1d497f.png = img\ad83ced6f5c6f10d8a78640d1a1d497f.png
		img\ada9543996209297185fa2c341f937ee.png = img\ada9543996209297185fa2c341f937ee.png
		img\aedd15ba24a447653bbf65fda30326b4.png = img\aedd15ba24a447653bbf65fda30326b4.png
		img\af036f8053fc2b903b144d532ad7b52e.png = img\af036f8053fc2b903b144d532ad7b52e.png
		img\af570ea43d94164a13b55142bc5b1fa1.png = img\af570ea43d94164a13b55142bc5b1fa1.png
		img\afcbe335840deda435dba5d2ab2c8428.png = img\afcbe335840deda435dba5d2ab2c8428.png
		img\b176c7c8940491b339d3d907cce0a8f9.png = img\b176c7c8940491b339d3d907cce0a8f9.png
		img\b23afefb20009f237f67574c1df4e15e.png = img\b23afefb20009f237f67574c1df4e15e.png
		img\b2821886651ed293692c8d9cda69b2b5.png = img\b2821886651ed293692c8d9cda69b2b5.png
		img\b421fe6ecd5abf05495d9bc913dac38c.png = img\b421fe6ecd5abf05495d9bc913dac38c.png
		img\b455ac123c02f6c732de99735eaa7252.png = img\b455ac123c02f6c732de99735eaa7252.png
		img\b625adc521236a0ae506a5ee5b6ea0ee.png = img\b625adc521236a0ae506a5ee5b6ea0ee.png
		img\b6a9d04f2690db002130a8bb221eab89.png = img\b6a9d04f2690db002130a8bb221eab89.png
		img\b7fe0f284816cd08978b1d02e65762e5.png = img\b7fe0f284816cd08978b1d02e65762e5.png
		img\b92af68265b2e7623de5efdf8197a9bf.png = img\b92af68265b2e7623de5efdf8197a9bf.png
		img\bde0c5085b4496c3b48b2e76e39ab9d7.png = img\bde0c5085b4496c3b48b2e76e39ab9d7.png
		img\bf02e265efb4d9af8a1ed87d316d03d6.png = img\bf02e265efb4d9af8a1ed87d316d03d6.png
		img\bf41eda948bc197b182a5164fe7b314b.png = img\bf41eda948bc197b182a5164fe7b314b.png
		img\c1b8fd39fce0da3ae342fb130f098f68.png = img\c1b8fd39fce0da3ae342fb130f098f68.png
		img\c2e5daa5866c14692f8ee813c37ef258.png = img\c2e5daa5866c14692f8ee813c37ef258.png
		img\c33137bde7cb4df1d3ce9e122513c204.png = img\c33137bde7cb4df1d3ce9e122513c204.png
		img\c336f16fef841ed9fd954977a134344e.png = img\c336f16fef841ed9fd954977a134344e.png
		img\c3da27b1f8379fbeb1f7b0919dd39a98.png = img\c3da27b1f8379fbeb1f7b0919dd39a98.png
		img\c8049287f4ba1febaef374a272089479.png = img\c8049287f4ba1febaef374a272089479.png
		img\c81a5efaba0ec70d68defa66c676b144.png = img\c81a5efaba0ec70d68defa66c676b144.png
		img\ca66f4d7724ac72cf3fd5b22114403c4.png = img\ca66f4d7724ac72cf3fd5b22114403c4.png
		img\cb4f6f4897b3974c41576d102b7ab4ca.png = img\cb4f6f4897b3974c41576d102b7ab4ca.png
		img\cb58f454e33712f7b5c7e38e14abee70.png = img\cb58f454e33712f7b5c7e38e14abee70.png
		img\cb61632690b48259222114d7a09df5b7.png = img\cb61632690b48259222114d7a09df5b7.png
		img\cc387415208485e1cdbfc5f2229ad195.png = img\cc387415208485e1cdbfc5f2229ad195.png
		img\cf3cc442a7229012ace62b92e5ccfab8.png = img\cf3cc442a7229012ace62b92e5ccfab8.png
		img\cfc0a80b75fc6b58456086578f6d925a.png = img\cfc0a80b75fc6b58456086578f6d925a.png
		img\d0cbe26800d9abdfccddbbfd5aeab3e5.png = img\d0cbe26800d9abdfccddbbfd5aeab3e5.png
		img\d27ab55ba9282b7c2cfa06f1dfa887ac.png = img\d27ab55ba9282b7c2cfa06f1dfa887ac.png
		img\d2ca1646332bd0640346f06449f4d942.png = img\d2ca1646332bd0640346f06449f4d942.png
		img\d3f67748817342fa3fad937b1284fea1.png = img\d3f67748817342fa3fad937b1284fea1.png
		img\d47b9c4995dd0c85e0ca90f15bd798b3.png = img\d47b9c4995dd0c85e0ca90f15bd798b3.png
		img\d4c306cd6e9a7b1b7e329a0b222dcb4c.png = img\d4c306cd6e9a7b1b7e329a0b222dcb4c.png
		img\d4fe3c763412829163530d0487b66fa9.png = img\d4fe3c763412829163530d0487b66fa9.png
		img\d6d4c706fd97c7529475c23a22b08bc2.png = img\d6d4c706fd97c7529475c23a22b08bc2.png
		img\d70b39b79ed0b84fa5f80f821d912267.png = img\d70b39b79ed0b84fa5f80f821d912267.png
		img\d7ed9c055fa250174c8a9a2d53f146e6.png = img\d7ed9c055fa250174c8a9a2d53f146e6.png
		img\d833f142d39f949cb107c5ebde8d2cc8.png = img\d833f142d39f949cb107c5ebde8d2cc8.png
		img\d88e034430a8535db19a66f7aa325e81.png = img\d88e034430a8535db19a66f7aa325e81.png
		img\d89cdb8b06afb9380a0627fc2dc162cd.png = img\d89cdb8b06afb9380a0627fc2dc162cd.png
		img\d9d1247e0b2a309b5090972bcde080bd.png = img\d9d1247e0b2a309b5090972bcde080bd.png
		img\d9eccaae10cd1e6a6e42cdf775d4df3b.png = img\d9eccaae10cd1e6a6e42cdf775d4df3b.png
		img\dae8b0ddb240315d058f9dd03ddba4ea.png = img\dae8b0ddb240315d058f9dd03ddba4ea.png
		img\dbb93af052f59df016605370ba7a25f7.png = img\dbb93af052f59df016605370ba7a25f7.png
		img\dd421699db038c54b63aa24a0623d4d3.png = img\dd421699db038c54b63aa24a0623d4d3.png
		img\ddc5959a5f198f650fc5cd02977cc92c.png = img\ddc5959a5f198f650fc5cd02977cc92c.png
		img\ddfd3df6e04bf4b005bd856ced03be18.png = img\ddfd3df6e04bf4b005bd856ced03be18.png
		img\de67ff4ff13cc5b0e22faadbeac6c7ef.png = img\de67ff4ff13cc5b0e22faadbeac6c7ef.png
		img\df4942ff2ae721eeebcd9a18aed6086d.png = img\df4942ff2ae721eeebcd9a18aed6086d.png
		img\dfc29f4deb4bfd57aeeb421bebd7963e.png = img\dfc29f4deb4bfd57aeeb421bebd7963e.png
		img\e0ed4a55a686a207fb3615b019eaeabc.png = img\e0ed4a55a686a207fb3615b019eaeabc.png
		img\e29ad377becf490e07c67b263a70f640.png = img\e29ad377becf490e07c67b263a70f640.png
		img\e2c23965071d31ddee3b44f139828f01.png = img\e2c23965071d31ddee3b44f139828f01.png
		img\e3243ed3f9e1bbc7074606dc20450f8c.png = img\e3243ed3f9e1bbc7074606dc20450f8c.png
		img\e377eb2d11dc67d3a56e5d8266ee7dbc.png = img\e377eb2d11dc67d3a56e5d8266ee7dbc.png
		img\e57c97310b27c6efac8506d7dd48921b.png = img\e57c97310b27c6efac8506d7dd48921b.png
		img\e5b2bbebbc5581d528e4f1a04e769370.png = img\e5b2bbebbc5581d528e4f1a04e769370.png
		img\e5cd8c0ef45c681ac2fd0fe541668e0e.png = img\e5cd8c0ef45c681ac2fd0fe541668e0e.png
		img\e62b9303f29d5360acfef5c9a1d8c6d3.png = img\e62b9303f29d5360acfef5c9a1d8c6d3.png
		img\e67b77edfe99fadd96dcdcff683569be.png = img\e67b77edfe99fadd96dcdcff683569be.png
		img\e6da282941f70b4987f0cdb44eef162c.png = img\e6da282941f70b4987f0cdb44eef162c.png
		img\e81820ee6cc447493f392500522e5ee2.png = img\e81820ee6cc447493f392500522e5ee2.png
		img\e90a0b0f554d4c1986d26b1400bba85e.png = img\e90a0b0f554d4c1986d26b1400bba85e.png
		img\eb4a00290df0eccf54b42ff80d4983f8.png = img\eb4a00290df0eccf54b42ff80d4983f8.png
		img\eb959a838599765d74ba341ce551e350.png = img\eb959a838599765d74ba341ce551e350.png
		img\ec28a480cd492b00e08358f1ab8825f1.png = img\ec28a480cd492b00e08358f1ab8825f1.png
		img\ed3924da2e7ba5e19dbcdd4795f9be57.png = img\ed3924da2e7ba5e19dbcdd4795f9be57.png
		img\ed62f5a9def93af10a971be762d7c72f.png = img\ed62f5a9def93af10a971be762d7c72f.png
		img\ed727564f1051b3afc8d0303d22a9523.png = img\ed727564f1051b3afc8d0303d22a9523.png
		img\edc2fc6a3a756ca04c64309406df20fb.png = img\edc2fc6a3a756ca04c64309406df20fb.png
		img\ee0b3d044bd8994cd6bbd39f1c27613f.png = img\ee0b3d044bd8994cd6bbd39f1c27613f.png
		img\ef10efd87d7c93de71dcbbc53b1a1071.png = img\ef10efd87d7c93de71dcbbc53b1a1071.png
		img\ef7758a60d9c9d1871eca629c203b81e.png = img\ef7758a60d9c9d1871eca629c203b81e.png
		img\efc24d07c4a4cd932ae71bfd6845877f.png = img\efc24d07c4a4cd932ae71bfd6845877f.png
		img\f068b46b953ea963da1c8139cfb2c13f.png = img\f068b46b953ea963da1c8139cfb2c13f.png
		img\f0ce29d5b9e703e0c85183b1afa93713.png = img\f0ce29d5b9e703e0c85183b1afa93713.png
		img\f113d0e6bb96dd18cb6ed0094279c25d.png = img\f113d0e6bb96dd18cb6ed0094279c25d.png
		img\f11efea55a7ac2d2f76ed2e33ba4f154.png = img\f11efea55a7ac2d2f76ed2e33ba4f154.png
		img\f120acaa874e2fc0d8a4826d031783db.png = img\f120acaa874e2fc0d8a4826d031783db.png
		img\f134aa8ae2dedc30cac2a52cfb329a09.png = img\f134aa8ae2dedc30cac2a52cfb329a09.png
		img\f14c91467792bea73eb38ea1b73c394d.png = img\f14c91467792bea73eb38ea1b73c394d.png
		img\f157c77e1774830de79d61befc2172f7.png = img\f157c77e1774830de79d61befc2172f7.png
		img\f16b9a744bafa482dbc2919c3e16e92b.png = img\f16b9a744bafa482dbc2919c3e16e92b.png
		img\f18219733f9466a19ab2b3c21b4df5dd.png = img\f18219733f9466a19ab2b3c21b4df5dd.png
		img\f1b8235c638e64025383439980233625.png = img\f1b8235c638e64025383439980233625.png
		img\f3c89b9b13f35dd7a9f7826673294337.png = img\f3c89b9b13f35dd7a9f7826673294337.png
		img\f3f9f31036b3689b13e7178938a95511.png = img\f3f9f31036b3689b13e7178938a95511.png
		img\f45514971d258b013b49cf6c9a204da2.png = img\f45514971d258b013b49cf6c9a204da2.png
		img\f545649510fa97fc47b1630ba9baed56.png = img\f545649510fa97fc47b1630ba9baed56.png
		img\f676af9d5c04b1985428da54bfcd6523.png = img\f676af9d5c04b1985428da54bfcd6523.png
		img\f6adfd638f3b3ed7f2543cdc3f0cd64f.png = img\f6adfd638f3b3ed7f2543cdc3f0cd64f.png
		img\f806269df9e3bb18e2f1d6b4e25cb1ff.png = img\f806269df9e3bb18e2f1d6b4e25cb1ff.png
		img\f9929457cd2eba7f509a4098421bd577.png = img\f9929457cd2eba7f509a4098421bd577.png
		img\f9f63ebe9697671e81da2790e62d7833.png = img\f9f63ebe9697671e81da2790e62d7833.png
		img\fb4a5971f55742782dc4f27c0ff15fa6.png = img\fb4a5971f55742782dc4f27c0ff15fa6.png
		img\fba1500128ca575a4a98cfbd1c54c694.png = img\fba1500128ca575a4a98cfbd1c54c694.png
		img\fc01d6b7ff02466837ea9b1e5412aede.png = img\fc01d6b7ff02466837ea9b1e5412aede.png
		img\fc5844476c9169af97d64aafb4e6b02d.png = img\fc5844476c9169af97d64aafb4e6b02d.png
		img\fc6b1543ab68abd28e0d0b93666aa88e.png = img\fc6b1543ab68abd28e0d0b93666aa88e.png
		img\fd828e42ee6346b4796147f0a0ef17a1.png = img\fd828e42ee6346b4796147f0a0ef17a1.png
		img\fdbc69a9416a23429a33d8b7bddabecc.png = img\fdbc69a9416a23429a33d8b7bddabecc.png
		img\fdc6097918ecbb22868016dca585436b.png = img\fdc6097918ecbb22868016dca585436b.png
		img\fea28933a1be84264fdf487a9fb25a2e.png = img\fea28933a1be84264fdf487a9fb25a2e.png
		img\fec322f353d485852448532daf965ed9.png = img\fec322f353d485852448532daf965ed9.png
		img\feccf1ec597240eea0633c9319bd861a.png = img\feccf1ec597240eea0633c9319bd861a.png
	EndProjectSection
EndProject
Global
	GlobalSection(SolutionConfigurationPlatforms) = preSolution
		Debug|Any CPU = Debug|Any CPU
		Release|Any CPU = Release|Any CPU
	EndGlobalSection
	GlobalSection(ProjectConfigurationPlatforms) = postSolution
		{58D39B75-8902-4579-932E-158CDADC3B4A}.Debug|Any CPU.ActiveCfg = Debug|Any CPU
		{58D39B75-8902-4579-932E-158CDADC3B4A}.Debug|Any CPU.Build.0 = Debug|Any CPU
		{58D39B75-8902-4579-932E-158CDADC3B4A}.Release|Any CPU.ActiveCfg = Release|Any CPU
		{58D39B75-8902-4579-932E-158CDADC3B4A}.Release|Any CPU.Build.0 = Release|Any CPU
		{8AD796CC-EE61-4AE1-B4B1-FF30D536537D}.Debug|Any CPU.ActiveCfg = Debug|Any CPU
		{8AD796CC-EE61-4AE1-B4B1-FF30D536537D}.Debug|Any CPU.Build.0 = Debug|Any CPU
		{8AD796CC-EE61-4AE1-B4B1-FF30D536537D}.Release|Any CPU.ActiveCfg = Release|Any CPU
		{8AD796CC-EE61-4AE1-B4B1-FF30D536537D}.Release|Any CPU.Build.0 = Release|Any CPU
		{4CF21ECC-0D42-4DA0-AB15-FAB76FE6D29B}.Debug|Any CPU.ActiveCfg = Debug|Any CPU
		{4CF21ECC-0D42-4DA0-AB15-FAB76FE6D29B}.Debug|Any CPU.Build.0 = Debug|Any CPU
		{4CF21ECC-0D42-4DA0-AB15-FAB76FE6D29B}.Release|Any CPU.ActiveCfg = Release|Any CPU
		{4CF21ECC-0D42-4DA0-AB15-FAB76FE6D29B}.Release|Any CPU.Build.0 = Release|Any CPU
		{1914FF16-94E1-4FCF-932C-0025DA6AA380}.Debug|Any CPU.ActiveCfg = Debug|Any CPU
		{1914FF16-94E1-4FCF-932C-0025DA6AA380}.Debug|Any CPU.Build.0 = Debug|Any CPU
		{1914FF16-94E1-4FCF-932C-0025DA6AA380}.Release|Any CPU.ActiveCfg = Release|Any CPU
		{1914FF16-94E1-4FCF-932C-0025DA6AA380}.Release|Any CPU.Build.0 = Release|Any CPU
		{79F28F4D-1116-4746-ACC9-F3701930754B}.Debug|Any CPU.ActiveCfg = Debug|Any CPU
		{79F28F4D-1116-4746-ACC9-F3701930754B}.Debug|Any CPU.Build.0 = Debug|Any CPU
		{79F28F4D-1116-4746-ACC9-F3701930754B}.Release|Any CPU.ActiveCfg = Release|Any CPU
		{79F28F4D-1116-4746-ACC9-F3701930754B}.Release|Any CPU.Build.0 = Release|Any CPU
	EndGlobalSection
	GlobalSection(SolutionProperties) = preSolution
		HideSolutionNode = FALSE
	EndGlobalSection
	GlobalSection(NestedProjects) = preSolution
		{58D39B75-8902-4579-932E-158CDADC3B4A} = {90AC4A2F-1D6A-4FE0-B19C-BB285BEECA32}
		{8AD796CC-EE61-4AE1-B4B1-FF30D536537D} = {90AC4A2F-1D6A-4FE0-B19C-BB285BEECA32}
		{4CF21ECC-0D42-4DA0-AB15-FAB76FE6D29B} = {90AC4A2F-1D6A-4FE0-B19C-BB285BEECA32}
		{1914FF16-94E1-4FCF-932C-0025DA6AA380} = {90AC4A2F-1D6A-4FE0-B19C-BB285BEECA32}
		{79F28F4D-1116-4746-ACC9-F3701930754B} = {90AC4A2F-1D6A-4FE0-B19C-BB285BEECA32}
	EndGlobalSection
EndGlobal
